
Microsoft Visual Studio Solution File, Format Version 12.00
# Visual Studio 15
VisualStudioVersion = 15.0.28010.2046
MinimumVisualStudioVersion = 10.0.40219.1
Project("{FAE04EC0-301F-11D3-BF4B-00C04F79EFBC}") = "Fuzion.API", "Fuzion.API\Fuzion.API.csproj", "{FEA365D9-4FC9-440E-B964-FE7B63AE9ACE}"
EndProject
Global
	GlobalSection(SolutionConfigurationPlatforms) = preSolution
		Debug|Any CPU = Debug|Any CPU
		Release|Any CPU = Release|Any CPU
	EndGlobalSection
	GlobalSection(ProjectConfigurationPlatforms) = postSolution
		{FEA365D9-4FC9-440E-B964-FE7B63AE9ACE}.Debug|Any CPU.ActiveCfg = Debug|Any CPU
		{FEA365D9-4FC9-440E-B964-FE7B63AE9ACE}.Debug|Any CPU.Build.0 = Debug|Any CPU
		{FEA365D9-4FC9-440E-B964-FE7B63AE9ACE}.Release|Any CPU.ActiveCfg = Release|Any CPU
		{FEA365D9-4FC9-440E-B964-FE7B63AE9ACE}.Release|Any CPU.Build.0 = Release|Any CPU
	EndGlobalSection
	GlobalSection(SolutionProperties) = preSolution
		HideSolutionNode = FALSE
	EndGlobalSection
	GlobalSection(ExtensibilityGlobals) = postSolution
		SolutionGuid = {EBE67EC7-C7D8-4757-86F0-DD8856463A8D}
	EndGlobalSection
EndGlobal
